
Microsoft Visual Studio Solution File, Format Version 12.00
# Visual Studio Version 17
VisualStudioVersion = 17.0.31903.59
MinimumVisualStudioVersion = 10.0.40219.1
Project("{9A19103F-16F7-4668-BE54-9A1E7A4F7556}") = "01", "01\01.csproj", "{F5A8593B-F2D0-484D-A8BD-DEA7ACD49721}"
EndProject
Project("{2150E333-8FDC-42A3-9474-1A3956D46DE8}") = "Solution Items", "Solution Items", "{44961546-3B34-4C88-A047-377C2C7C6664}"
	ProjectSection(SolutionItems) = preProject
		README.md = README.md
	EndProjectSection
EndProject
Project("{9A19103F-16F7-4668-BE54-9A1E7A4F7556}") = "02", "02\02.csproj", "{556EE398-1DC0-4A0A-A0F7-6225B948610C}"
EndProject
Project("{9A19103F-16F7-4668-BE54-9A1E7A4F7556}") = "03", "03\03.csproj", "{B4FA99E8-4548-40E8-AB93-26631B5C70AA}"
EndProject
Project("{9A19103F-16F7-4668-BE54-9A1E7A4F7556}") = "04", "04\04.csproj", "{A727DF00-1621-4169-B2DC-953C0A97178F}"
EndProject
Project("{9A19103F-16F7-4668-BE54-9A1E7A4F7556}") = "05", "05\05.csproj", "{7ACB645F-45A8-442A-811A-B72532EB2CC5}"
EndProject
Project("{9A19103F-16F7-4668-BE54-9A1E7A4F7556}") = "06", "06\06.csproj", "{E4C3EC12-D2DE-4705-8808-9BCB81696FBD}"
EndProject
Project("{9A19103F-16F7-4668-BE54-9A1E7A4F7556}") = "07", "07\07.csproj", "{357FFD1B-57B4-4649-AABD-F46770AF3AA9}"
EndProject
Project("{9A19103F-16F7-4668-BE54-9A1E7A4F7556}") = "08", "08\08.csproj", "{CFFF7B47-93D7-48E8-8A0F-227615BDD67E}"
EndProject
Project("{9A19103F-16F7-4668-BE54-9A1E7A4F7556}") = "09", "09\09.csproj", "{FB5BB5D6-FE8C-4C0B-9E8A-5A3F15A5E6AD}"
EndProject
Project("{9A19103F-16F7-4668-BE54-9A1E7A4F7556}") = "10", "10\10.csproj", "{C898E9FA-4443-420A-9C24-E18F27C07346}"
EndProject
Project("{9A19103F-16F7-4668-BE54-9A1E7A4F7556}") = "11", "11\11.csproj", "{F67F77B8-CC44-4C21-98D0-7F5CDB0B715D}"
EndProject
Project("{9A19103F-16F7-4668-BE54-9A1E7A4F7556}") = "12", "12\12.csproj", "{6DD34AC0-D1A8-4A16-A4F0-99E9CB8EAC37}"
EndProject
Project("{9A19103F-16F7-4668-BE54-9A1E7A4F7556}") = "13", "13\13.csproj", "{833E75C2-C60A-4759-9B2A-148DE4404D2B}"
EndProject
Project("{9A19103F-16F7-4668-BE54-9A1E7A4F7556}") = "14", "14\14.csproj", "{22D4F8D2-9643-43A0-B221-81437D3CCEB5}"
EndProject
Project("{9A19103F-16F7-4668-BE54-9A1E7A4F7556}") = "15", "15\15.csproj", "{09E82CD0-CC8D-4273-A638-456371F3D932}"
EndProject
Project("{9A19103F-16F7-4668-BE54-9A1E7A4F7556}") = "16", "16\16.csproj", "{D13AC4C4-FD9C-4FDA-AC47-DFE50BF2150C}"
EndProject
Project("{9A19103F-16F7-4668-BE54-9A1E7A4F7556}") = "17", "17\17.csproj", "{4085D2FC-4733-4F87-A394-582C46605CEA}"
EndProject
Project("{9A19103F-16F7-4668-BE54-9A1E7A4F7556}") = "18", "18\18.csproj", "{C568DC71-8C6B-400B-8A67-C77240CFEB1A}"
EndProject
Project("{9A19103F-16F7-4668-BE54-9A1E7A4F7556}") = "19", "19\19.csproj", "{4813709A-08B1-405C-A937-AF3AF2EF0E59}"
EndProject
Project("{9A19103F-16F7-4668-BE54-9A1E7A4F7556}") = "20", "20\20.csproj", "{388EA55E-D406-4C98-898F-A8BE340C2BF3}"
EndProject
Project("{FAE04EC0-301F-11D3-BF4B-00C04F79EFBC}") = "21", "21\21.csproj", "{7568BB26-5D3F-4BF5-8759-B01BEB2E1946}"
EndProject
Global
	GlobalSection(SolutionConfigurationPlatforms) = preSolution
		Debug|Any CPU = Debug|Any CPU
		Release|Any CPU = Release|Any CPU
	EndGlobalSection
	GlobalSection(ProjectConfigurationPlatforms) = postSolution
		{F5A8593B-F2D0-484D-A8BD-DEA7ACD49721}.Debug|Any CPU.ActiveCfg = Debug|Any CPU
		{F5A8593B-F2D0-484D-A8BD-DEA7ACD49721}.Debug|Any CPU.Build.0 = Debug|Any CPU
		{F5A8593B-F2D0-484D-A8BD-DEA7ACD49721}.Release|Any CPU.ActiveCfg = Release|Any CPU
		{F5A8593B-F2D0-484D-A8BD-DEA7ACD49721}.Release|Any CPU.Build.0 = Release|Any CPU
		{556EE398-1DC0-4A0A-A0F7-6225B948610C}.Debug|Any CPU.ActiveCfg = Debug|Any CPU
		{556EE398-1DC0-4A0A-A0F7-6225B948610C}.Debug|Any CPU.Build.0 = Debug|Any CPU
		{556EE398-1DC0-4A0A-A0F7-6225B948610C}.Release|Any CPU.ActiveCfg = Release|Any CPU
		{556EE398-1DC0-4A0A-A0F7-6225B948610C}.Release|Any CPU.Build.0 = Release|Any CPU
		{B4FA99E8-4548-40E8-AB93-26631B5C70AA}.Debug|Any CPU.ActiveCfg = Debug|Any CPU
		{B4FA99E8-4548-40E8-AB93-26631B5C70AA}.Debug|Any CPU.Build.0 = Debug|Any CPU
		{B4FA99E8-4548-40E8-AB93-26631B5C70AA}.Release|Any CPU.ActiveCfg = Release|Any CPU
		{B4FA99E8-4548-40E8-AB93-26631B5C70AA}.Release|Any CPU.Build.0 = Release|Any CPU
		{A727DF00-1621-4169-B2DC-953C0A97178F}.Debug|Any CPU.ActiveCfg = Debug|Any CPU
		{A727DF00-1621-4169-B2DC-953C0A97178F}.Debug|Any CPU.Build.0 = Debug|Any CPU
		{A727DF00-1621-4169-B2DC-953C0A97178F}.Release|Any CPU.ActiveCfg = Release|Any CPU
		{A727DF00-1621-4169-B2DC-953C0A97178F}.Release|Any CPU.Build.0 = Release|Any CPU
		{7ACB645F-45A8-442A-811A-B72532EB2CC5}.Debug|Any CPU.ActiveCfg = Debug|Any CPU
		{7ACB645F-45A8-442A-811A-B72532EB2CC5}.Debug|Any CPU.Build.0 = Debug|Any CPU
		{7ACB645F-45A8-442A-811A-B72532EB2CC5}.Release|Any CPU.ActiveCfg = Release|Any CPU
		{7ACB645F-45A8-442A-811A-B72532EB2CC5}.Release|Any CPU.Build.0 = Release|Any CPU
		{E4C3EC12-D2DE-4705-8808-9BCB81696FBD}.Debug|Any CPU.ActiveCfg = Debug|Any CPU
		{E4C3EC12-D2DE-4705-8808-9BCB81696FBD}.Debug|Any CPU.Build.0 = Debug|Any CPU
		{E4C3EC12-D2DE-4705-8808-9BCB81696FBD}.Release|Any CPU.ActiveCfg = Release|Any CPU
		{E4C3EC12-D2DE-4705-8808-9BCB81696FBD}.Release|Any CPU.Build.0 = Release|Any CPU
		{357FFD1B-57B4-4649-AABD-F46770AF3AA9}.Debug|Any CPU.ActiveCfg = Debug|Any CPU
		{357FFD1B-57B4-4649-AABD-F46770AF3AA9}.Debug|Any CPU.Build.0 = Debug|Any CPU
		{357FFD1B-57B4-4649-AABD-F46770AF3AA9}.Release|Any CPU.ActiveCfg = Release|Any CPU
		{357FFD1B-57B4-4649-AABD-F46770AF3AA9}.Release|Any CPU.Build.0 = Release|Any CPU
		{CFFF7B47-93D7-48E8-8A0F-227615BDD67E}.Debug|Any CPU.ActiveCfg = Debug|Any CPU
		{CFFF7B47-93D7-48E8-8A0F-227615BDD67E}.Debug|Any CPU.Build.0 = Debug|Any CPU
		{CFFF7B47-93D7-48E8-8A0F-227615BDD67E}.Release|Any CPU.ActiveCfg = Release|Any CPU
		{CFFF7B47-93D7-48E8-8A0F-227615BDD67E}.Release|Any CPU.Build.0 = Release|Any CPU
		{FB5BB5D6-FE8C-4C0B-9E8A-5A3F15A5E6AD}.Debug|Any CPU.ActiveCfg = Debug|Any CPU
		{FB5BB5D6-FE8C-4C0B-9E8A-5A3F15A5E6AD}.Debug|Any CPU.Build.0 = Debug|Any CPU
		{FB5BB5D6-FE8C-4C0B-9E8A-5A3F15A5E6AD}.Release|Any CPU.ActiveCfg = Release|Any CPU
		{FB5BB5D6-FE8C-4C0B-9E8A-5A3F15A5E6AD}.Release|Any CPU.Build.0 = Release|Any CPU
		{C898E9FA-4443-420A-9C24-E18F27C07346}.Debug|Any CPU.ActiveCfg = Debug|Any CPU
		{C898E9FA-4443-420A-9C24-E18F27C07346}.Debug|Any CPU.Build.0 = Debug|Any CPU
		{C898E9FA-4443-420A-9C24-E18F27C07346}.Release|Any CPU.ActiveCfg = Release|Any CPU
		{C898E9FA-4443-420A-9C24-E18F27C07346}.Release|Any CPU.Build.0 = Release|Any CPU
		{F67F77B8-CC44-4C21-98D0-7F5CDB0B715D}.Debug|Any CPU.ActiveCfg = Debug|Any CPU
		{F67F77B8-CC44-4C21-98D0-7F5CDB0B715D}.Debug|Any CPU.Build.0 = Debug|Any CPU
		{F67F77B8-CC44-4C21-98D0-7F5CDB0B715D}.Release|Any CPU.ActiveCfg = Release|Any CPU
		{F67F77B8-CC44-4C21-98D0-7F5CDB0B715D}.Release|Any CPU.Build.0 = Release|Any CPU
		{6DD34AC0-D1A8-4A16-A4F0-99E9CB8EAC37}.Debug|Any CPU.ActiveCfg = Debug|Any CPU
		{6DD34AC0-D1A8-4A16-A4F0-99E9CB8EAC37}.Debug|Any CPU.Build.0 = Debug|Any CPU
		{6DD34AC0-D1A8-4A16-A4F0-99E9CB8EAC37}.Release|Any CPU.ActiveCfg = Release|Any CPU
		{6DD34AC0-D1A8-4A16-A4F0-99E9CB8EAC37}.Release|Any CPU.Build.0 = Release|Any CPU
		{833E75C2-C60A-4759-9B2A-148DE4404D2B}.Debug|Any CPU.ActiveCfg = Debug|Any CPU
		{833E75C2-C60A-4759-9B2A-148DE4404D2B}.Debug|Any CPU.Build.0 = Debug|Any CPU
		{833E75C2-C60A-4759-9B2A-148DE4404D2B}.Release|Any CPU.ActiveCfg = Release|Any CPU
		{833E75C2-C60A-4759-9B2A-148DE4404D2B}.Release|Any CPU.Build.0 = Release|Any CPU
		{22D4F8D2-9643-43A0-B221-81437D3CCEB5}.Debug|Any CPU.ActiveCfg = Debug|Any CPU
		{22D4F8D2-9643-43A0-B221-81437D3CCEB5}.Debug|Any CPU.Build.0 = Debug|Any CPU
		{22D4F8D2-9643-43A0-B221-81437D3CCEB5}.Release|Any CPU.ActiveCfg = Release|Any CPU
		{22D4F8D2-9643-43A0-B221-81437D3CCEB5}.Release|Any CPU.Build.0 = Release|Any CPU
		{09E82CD0-CC8D-4273-A638-456371F3D932}.Debug|Any CPU.ActiveCfg = Debug|Any CPU
		{09E82CD0-CC8D-4273-A638-456371F3D932}.Debug|Any CPU.Build.0 = Debug|Any CPU
		{09E82CD0-CC8D-4273-A638-456371F3D932}.Release|Any CPU.ActiveCfg = Release|Any CPU
		{09E82CD0-CC8D-4273-A638-456371F3D932}.Release|Any CPU.Build.0 = Release|Any CPU
		{D13AC4C4-FD9C-4FDA-AC47-DFE50BF2150C}.Debug|Any CPU.ActiveCfg = Debug|Any CPU
		{D13AC4C4-FD9C-4FDA-AC47-DFE50BF2150C}.Debug|Any CPU.Build.0 = Debug|Any CPU
		{D13AC4C4-FD9C-4FDA-AC47-DFE50BF2150C}.Release|Any CPU.ActiveCfg = Release|Any CPU
		{D13AC4C4-FD9C-4FDA-AC47-DFE50BF2150C}.Release|Any CPU.Build.0 = Release|Any CPU
		{4085D2FC-4733-4F87-A394-582C46605CEA}.Debug|Any CPU.ActiveCfg = Debug|Any CPU
		{4085D2FC-4733-4F87-A394-582C46605CEA}.Debug|Any CPU.Build.0 = Debug|Any CPU
		{4085D2FC-4733-4F87-A394-582C46605CEA}.Release|Any CPU.ActiveCfg = Release|Any CPU
		{4085D2FC-4733-4F87-A394-582C46605CEA}.Release|Any CPU.Build.0 = Release|Any CPU
		{C568DC71-8C6B-400B-8A67-C77240CFEB1A}.Debug|Any CPU.ActiveCfg = Debug|Any CPU
		{C568DC71-8C6B-400B-8A67-C77240CFEB1A}.Debug|Any CPU.Build.0 = Debug|Any CPU
		{C568DC71-8C6B-400B-8A67-C77240CFEB1A}.Release|Any CPU.ActiveCfg = Release|Any CPU
		{C568DC71-8C6B-400B-8A67-C77240CFEB1A}.Release|Any CPU.Build.0 = Release|Any CPU
		{4813709A-08B1-405C-A937-AF3AF2EF0E59}.Debug|Any CPU.ActiveCfg = Debug|Any CPU
		{4813709A-08B1-405C-A937-AF3AF2EF0E59}.Debug|Any CPU.Build.0 = Debug|Any CPU
		{4813709A-08B1-405C-A937-AF3AF2EF0E59}.Release|Any CPU.ActiveCfg = Release|Any CPU
		{4813709A-08B1-405C-A937-AF3AF2EF0E59}.Release|Any CPU.Build.0 = Release|Any CPU
		{388EA55E-D406-4C98-898F-A8BE340C2BF3}.Debug|Any CPU.ActiveCfg = Debug|Any CPU
		{388EA55E-D406-4C98-898F-A8BE340C2BF3}.Debug|Any CPU.Build.0 = Debug|Any CPU
		{388EA55E-D406-4C98-898F-A8BE340C2BF3}.Release|Any CPU.ActiveCfg = Release|Any CPU
		{388EA55E-D406-4C98-898F-A8BE340C2BF3}.Release|Any CPU.Build.0 = Release|Any CPU
		{7568BB26-5D3F-4BF5-8759-B01BEB2E1946}.Debug|Any CPU.ActiveCfg = Debug|Any CPU
		{7568BB26-5D3F-4BF5-8759-B01BEB2E1946}.Debug|Any CPU.Build.0 = Debug|Any CPU
		{7568BB26-5D3F-4BF5-8759-B01BEB2E1946}.Release|Any CPU.ActiveCfg = Release|Any CPU
		{7568BB26-5D3F-4BF5-8759-B01BEB2E1946}.Release|Any CPU.Build.0 = Release|Any CPU
	EndGlobalSection
	GlobalSection(SolutionProperties) = preSolution
		HideSolutionNode = FALSE
	EndGlobalSection
	GlobalSection(ExtensibilityGlobals) = postSolution
		SolutionGuid = {4E6235D9-53D9-4E85-B263-B33F8EF84274}
	EndGlobalSection
EndGlobal
